
Microsoft Visual Studio Solution File, Format Version 12.00
# Visual Studio Version 17
VisualStudioVersion = 17.0.32014.148
MinimumVisualStudioVersion = 10.0.40219.1
Project("{2150E333-8FDC-42A3-9474-1A3956D46DE8}") = "_external", "_external", "{20E3A0B4-6103-4EAD-BD90-90C673E07DCC}"
EndProject
Project("{2150E333-8FDC-42A3-9474-1A3956D46DE8}") = "Relays", "Relays", "{1FA3EE45-BDD7-4B83-9AD9-52B1099185B6}"
EndProject
Project("{2150E333-8FDC-42A3-9474-1A3956D46DE8}") = "ElectromagneticRelayModule", "ElectromagneticRelayModule", "{AE474B14-7388-421B-BB92-8700CD54BC57}"
EndProject
Project("{2150E333-8FDC-42A3-9474-1A3956D46DE8}") = "Sample", "Sample", "{BC092D17-F8D5-4BEA-ABE4-E98B44A04DA6}"
EndProject
Project("{9A19103F-16F7-4668-BE54-9A1E7A4F7556}") = "Relays.ElectromagneticRelayModule", "Relays.ElectromagneticRelayModule\Driver\Relays.ElectromagneticRelayModule.csproj", "{29CF3228-7907-4FD6-88E3-DB91023B6281}"
EndProject
Project("{9A19103F-16F7-4668-BE54-9A1E7A4F7556}") = "ElectronmagneticRelayModule_Sample", "Relays.ElectromagneticRelayModule\Samples\ElectronmagneticRelayModule_Sample\ElectronmagneticRelayModule_Sample.csproj", "{815E8496-8359-4D35-83EB-A1120D3AA404}"
EndProject
Project("{2150E333-8FDC-42A3-9474-1A3956D46DE8}") = "Sensors", "Sensors", "{78203E26-CBDE-48BC-B8CF-617F8A863D65}"
EndProject
Project("{2150E333-8FDC-42A3-9474-1A3956D46DE8}") = "Motion", "Motion", "{7A284A89-FBA4-4E57-9357-B0F3AE9AE429}"
EndProject
Project("{2150E333-8FDC-42A3-9474-1A3956D46DE8}") = "UsefulSensors", "UsefulSensors", "{B9A8627E-0A83-4FEB-B3CF-7772109C3F44}"
EndProject
Project("{2150E333-8FDC-42A3-9474-1A3956D46DE8}") = "PersonSensor", "PersonSensor", "{4A6B7EF6-7730-4570-A72F-6E4506227668}"
EndProject
Project("{9A19103F-16F7-4668-BE54-9A1E7A4F7556}") = "Sensors.Motion.UsefulSensors.PersonSensor", "Sensors.Motion.UsefulSensors.PersonSensor\Driver\Sensors.Motion.UsefulSensors.PersonSensor.csproj", "{773E12FF-A4F0-4835-9BAA-34454DB42E6B}"
EndProject
Project("{2150E333-8FDC-42A3-9474-1A3956D46DE8}") = "Sample", "Sample", "{1B4743D8-E3B7-4466-9A66-266B91AB3676}"
EndProject
Project("{9A19103F-16F7-4668-BE54-9A1E7A4F7556}") = "PersonSensor_Sample", "Sensors.Motion.UsefulSensors.PersonSensor\Samples\PersonSensor_Sample\PersonSensor_Sample.csproj", "{6046728F-EFF4-4B77-8C15-7CB87B145395}"
EndProject
Global
	GlobalSection(SolutionConfigurationPlatforms) = preSolution
		Debug|Any CPU = Debug|Any CPU
		Release|Any CPU = Release|Any CPU
	EndGlobalSection
	GlobalSection(ProjectConfigurationPlatforms) = postSolution
		{29CF3228-7907-4FD6-88E3-DB91023B6281}.Debug|Any CPU.ActiveCfg = Debug|Any CPU
		{29CF3228-7907-4FD6-88E3-DB91023B6281}.Debug|Any CPU.Build.0 = Debug|Any CPU
		{29CF3228-7907-4FD6-88E3-DB91023B6281}.Debug|Any CPU.Deploy.0 = Debug|Any CPU
		{29CF3228-7907-4FD6-88E3-DB91023B6281}.Release|Any CPU.ActiveCfg = Release|Any CPU
		{29CF3228-7907-4FD6-88E3-DB91023B6281}.Release|Any CPU.Build.0 = Release|Any CPU
		{29CF3228-7907-4FD6-88E3-DB91023B6281}.Release|Any CPU.Deploy.0 = Release|Any CPU
		{815E8496-8359-4D35-83EB-A1120D3AA404}.Debug|Any CPU.ActiveCfg = Debug|Any CPU
		{815E8496-8359-4D35-83EB-A1120D3AA404}.Debug|Any CPU.Build.0 = Debug|Any CPU
		{815E8496-8359-4D35-83EB-A1120D3AA404}.Debug|Any CPU.Deploy.0 = Debug|Any CPU
		{815E8496-8359-4D35-83EB-A1120D3AA404}.Release|Any CPU.ActiveCfg = Release|Any CPU
		{815E8496-8359-4D35-83EB-A1120D3AA404}.Release|Any CPU.Build.0 = Release|Any CPU
		{815E8496-8359-4D35-83EB-A1120D3AA404}.Release|Any CPU.Deploy.0 = Release|Any CPU
		{773E12FF-A4F0-4835-9BAA-34454DB42E6B}.Debug|Any CPU.ActiveCfg = Debug|Any CPU
		{773E12FF-A4F0-4835-9BAA-34454DB42E6B}.Debug|Any CPU.Build.0 = Debug|Any CPU
		{773E12FF-A4F0-4835-9BAA-34454DB42E6B}.Debug|Any CPU.Deploy.0 = Debug|Any CPU
		{773E12FF-A4F0-4835-9BAA-34454DB42E6B}.Release|Any CPU.ActiveCfg = Release|Any CPU
		{773E12FF-A4F0-4835-9BAA-34454DB42E6B}.Release|Any CPU.Build.0 = Release|Any CPU
		{773E12FF-A4F0-4835-9BAA-34454DB42E6B}.Release|Any CPU.Deploy.0 = Release|Any CPU
		{6046728F-EFF4-4B77-8C15-7CB87B145395}.Debug|Any CPU.ActiveCfg = Debug|Any CPU
		{6046728F-EFF4-4B77-8C15-7CB87B145395}.Debug|Any CPU.Build.0 = Debug|Any CPU
		{6046728F-EFF4-4B77-8C15-7CB87B145395}.Debug|Any CPU.Deploy.0 = Debug|Any CPU
		{6046728F-EFF4-4B77-8C15-7CB87B145395}.Release|Any CPU.ActiveCfg = Release|Any CPU
		{6046728F-EFF4-4B77-8C15-7CB87B145395}.Release|Any CPU.Build.0 = Release|Any CPU
		{6046728F-EFF4-4B77-8C15-7CB87B145395}.Release|Any CPU.Deploy.0 = Release|Any CPU
	EndGlobalSection
	GlobalSection(SolutionProperties) = preSolution
		HideSolutionNode = FALSE
	EndGlobalSection
	GlobalSection(NestedProjects) = preSolution
		{AE474B14-7388-421B-BB92-8700CD54BC57} = {1FA3EE45-BDD7-4B83-9AD9-52B1099185B6}
		{BC092D17-F8D5-4BEA-ABE4-E98B44A04DA6} = {AE474B14-7388-421B-BB92-8700CD54BC57}
		{29CF3228-7907-4FD6-88E3-DB91023B6281} = {AE474B14-7388-421B-BB92-8700CD54BC57}
		{815E8496-8359-4D35-83EB-A1120D3AA404} = {BC092D17-F8D5-4BEA-ABE4-E98B44A04DA6}
		{7A284A89-FBA4-4E57-9357-B0F3AE9AE429} = {78203E26-CBDE-48BC-B8CF-617F8A863D65}
		{B9A8627E-0A83-4FEB-B3CF-7772109C3F44} = {7A284A89-FBA4-4E57-9357-B0F3AE9AE429}
		{4A6B7EF6-7730-4570-A72F-6E4506227668} = {B9A8627E-0A83-4FEB-B3CF-7772109C3F44}
		{773E12FF-A4F0-4835-9BAA-34454DB42E6B} = {4A6B7EF6-7730-4570-A72F-6E4506227668}
		{1B4743D8-E3B7-4466-9A66-266B91AB3676} = {4A6B7EF6-7730-4570-A72F-6E4506227668}
		{6046728F-EFF4-4B77-8C15-7CB87B145395} = {1B4743D8-E3B7-4466-9A66-266B91AB3676}
	EndGlobalSection
	GlobalSection(ExtensibilityGlobals) = postSolution
		SolutionGuid = {BF2FC8CE-57C6-468C-B82D-D8204E6D9360}
	EndGlobalSection
EndGlobal
