
Microsoft Visual Studio Solution File, Format Version 12.00
# Visual Studio Version 17
VisualStudioVersion = 17.0.32014.148
MinimumVisualStudioVersion = 10.0.40219.1
Project("{2150E333-8FDC-42A3-9474-1A3956D46DE8}") = "_external", "_external", "{20E3A0B4-6103-4EAD-BD90-90C673E07DCC}"
EndProject
Project("{9A19103F-16F7-4668-BE54-9A1E7A4F7556}") = "Meadow.Contracts", "..\..\Meadow.Contracts\Source\Meadow.Contracts\Meadow.Contracts.csproj", "{D6348767-13E9-4DA8-B154-9B66D78BF264}"
EndProject
Project("{9A19103F-16F7-4668-BE54-9A1E7A4F7556}") = "Meadow.Core", "..\..\Meadow.Core\source\Meadow.Core\Meadow.Core.csproj", "{B4A02377-4AA5-4F45-9938-59FDE7FC8D02}"
EndProject
Project("{9A19103F-16F7-4668-BE54-9A1E7A4F7556}") = "Meadow.F7", "..\..\Meadow.Core\source\implementations\f7\Meadow.F7\Meadow.F7.csproj", "{6C6943AE-23AD-4206-887A-46B60720E936}"
EndProject
Project("{9A19103F-16F7-4668-BE54-9A1E7A4F7556}") = "Meadow.Foundation.Core", "..\..\Meadow.Foundation\Source\Meadow.Foundation.Core\Meadow.Foundation.Core.csproj", "{82CBBA06-7A53-47C0-8B81-4953830FC36F}"
EndProject
Project("{9A19103F-16F7-4668-BE54-9A1E7A4F7556}") = "Meadow.Logging", "..\..\Meadow.Logging\Source\Meadow.Logging\lib\Meadow.Logging.csproj", "{B5B093A6-AA5E-44C0-9F7A-FAD390F56D07}"
EndProject
Project("{9A19103F-16F7-4668-BE54-9A1E7A4F7556}") = "Meadow.Units", "..\..\Meadow.Units\Source\Meadow.Units\Meadow.Units.csproj", "{18924791-C230-4238-8869-F237B05CA433}"
EndProject
Project("{9A19103F-16F7-4668-BE54-9A1E7A4F7556}") = "Meadow.Modbus", "..\..\Meadow.Modbus\src\Meadow.Modbus\Meadow.Modbus.csproj", "{87BF06DB-39A0-43B8-A679-8327D2DE09B3}"
EndProject
Project("{9A19103F-16F7-4668-BE54-9A1E7A4F7556}") = "ICs.IOExpanders.Pcx857x", "..\..\Meadow.Foundation\Source\Meadow.Foundation.Peripherals\ICs.IOExpanders.Pcx857x\Driver\ICs.IOExpanders.Pcx857x.csproj", "{7C81A55C-4760-41BE-BA32-9777BCE7B11C}"
EndProject
Project("{2150E333-8FDC-42A3-9474-1A3956D46DE8}") = "Relays", "Relays", "{1FA3EE45-BDD7-4B83-9AD9-52B1099185B6}"
EndProject
Project("{2150E333-8FDC-42A3-9474-1A3956D46DE8}") = "ElectromagneticRelayModule", "ElectromagneticRelayModule", "{AE474B14-7388-421B-BB92-8700CD54BC57}"
EndProject
Project("{2150E333-8FDC-42A3-9474-1A3956D46DE8}") = "Sample", "Sample", "{BC092D17-F8D5-4BEA-ABE4-E98B44A04DA6}"
EndProject
Project("{9A19103F-16F7-4668-BE54-9A1E7A4F7556}") = "Relays.ElectromagneticRelayModule", "Relays.ElectromagneticRelayModule\Driver\Relays.ElectromagneticRelayModule.csproj", "{29CF3228-7907-4FD6-88E3-DB91023B6281}"
EndProject
Project("{9A19103F-16F7-4668-BE54-9A1E7A4F7556}") = "ElectronmagneticRelayModule_Sample", "Relays.ElectromagneticRelayModule\Samples\ElectronmagneticRelayModule_Sample\ElectronmagneticRelayModule_Sample.csproj", "{815E8496-8359-4D35-83EB-A1120D3AA404}"
EndProject
Project("{2150E333-8FDC-42A3-9474-1A3956D46DE8}") = "Sensors", "Sensors", "{78203E26-CBDE-48BC-B8CF-617F8A863D65}"
EndProject
Project("{2150E333-8FDC-42A3-9474-1A3956D46DE8}") = "PersonSensor", "PersonSensor", "{4A6B7EF6-7730-4570-A72F-6E4506227668}"
EndProject
Project("{2150E333-8FDC-42A3-9474-1A3956D46DE8}") = "Sample", "Sample", "{1B4743D8-E3B7-4466-9A66-266B91AB3676}"
EndProject
Project("{2150E333-8FDC-42A3-9474-1A3956D46DE8}") = "Cameras", "Cameras", "{EFA4C1B3-5257-451E-908F-AF9EDA45F224}"
EndProject
Project("{2150E333-8FDC-42A3-9474-1A3956D46DE8}") = "UsefulSensors", "UsefulSensors", "{72A32E4E-7492-4F7C-BF42-9CF2E664338B}"
EndProject
Project("{2150E333-8FDC-42A3-9474-1A3956D46DE8}") = "TinyCodeReader", "TinyCodeReader", "{FCD85A86-0779-4AC3-A12C-91F3C0C5D161}"
EndProject
Project("{2150E333-8FDC-42A3-9474-1A3956D46DE8}") = "Sample", "Sample", "{B155FD13-EEE6-40B3-9C3A-A0FEADCBE24F}"
EndProject
Project("{9A19103F-16F7-4668-BE54-9A1E7A4F7556}") = "Sensors.Camera.UsefulSensors.PersonSensor", "Sensors.Camera.UsefulSensors.PersonSensor\Driver\Sensors.Camera.UsefulSensors.PersonSensor.csproj", "{D562BCD2-DDBC-483D-881A-72284A904184}"
EndProject
Project("{9A19103F-16F7-4668-BE54-9A1E7A4F7556}") = "PersonSensor_Sample", "Sensors.Camera.UsefulSensors.PersonSensor\Samples\PersonSensor_Sample\PersonSensor_Sample.csproj", "{722B73EF-95E5-498F-8A95-FC2F62DF9B36}"
EndProject
Project("{9A19103F-16F7-4668-BE54-9A1E7A4F7556}") = "Sensors.Camera.UsefulSensors.TinyCodeReader", "Sensors.Camera.UsefulSensors.TinyCodeReader\Driver\Sensors.Camera.UsefulSensors.TinyCodeReader.csproj", "{D55D9CEE-0E03-43A5-8B8A-11B723C3D608}"
EndProject
Project("{9A19103F-16F7-4668-BE54-9A1E7A4F7556}") = "TinyCodeReader_Sample", "Sensors.Camera.UsefulSensors.TinyCodeReader\Samples\TinyCodeReader_Sample\TinyCodeReader_Sample.csproj", "{A0C0F999-2D2D-4674-BA32-E244CC53D937}"
EndProject
Project("{9A19103F-16F7-4668-BE54-9A1E7A4F7556}") = "MQTTnet", "..\..\MQTTnet\Source\MQTTnet\MQTTnet.csproj", "{6DD7AFF8-CDE5-436F-ACA5-835DFF5F1752}"
EndProject
Project("{2150E333-8FDC-42A3-9474-1A3956D46DE8}") = "Modbus", "Modbus", "{A9DF0505-F34E-4F94-A029-1D84CE0F393B}"
EndProject
Project("{2150E333-8FDC-42A3-9474-1A3956D46DE8}") = "Temco Controls", "Temco Controls", "{5F75AEA0-D2D8-428C-988C-F52281243CC8}"
EndProject
Project("{9A19103F-16F7-4668-BE54-9A1E7A4F7556}") = "Meadow.Foundation.Modbus.Temco.T3", "Modbus\Meadow.Foundation.Modbus.Temco.T3\Driver\Meadow.Foundation.Modbus.Temco.T3.csproj", "{DD357210-940D-44C6-9AA0-ABC0F61B4C0C}"
EndProject
Project("{2150E333-8FDC-42A3-9474-1A3956D46DE8}") = "Samples", "Samples", "{C7F9E452-7EAD-45C3-99D8-6BA517BAD51D}"
EndProject
Project("{FAE04EC0-301F-11D3-BF4B-00C04F79EFBC}") = "T38ORelay_Sample", "Modbus\Meadow.Foundation.Modbus.Temco.T3\Samples\T38ORelay_Sample\T38ORelay_Sample.csproj", "{888D8E58-6287-4534-A100-CFBC6735C5B2}"
EndProject
Global
	GlobalSection(SolutionConfigurationPlatforms) = preSolution
		Debug|Any CPU = Debug|Any CPU
		Release|Any CPU = Release|Any CPU
	EndGlobalSection
	GlobalSection(ProjectConfigurationPlatforms) = postSolution
		{D6348767-13E9-4DA8-B154-9B66D78BF264}.Debug|Any CPU.ActiveCfg = Debug|Any CPU
		{D6348767-13E9-4DA8-B154-9B66D78BF264}.Debug|Any CPU.Build.0 = Debug|Any CPU
		{D6348767-13E9-4DA8-B154-9B66D78BF264}.Debug|Any CPU.Deploy.0 = Debug|Any CPU
		{D6348767-13E9-4DA8-B154-9B66D78BF264}.Release|Any CPU.ActiveCfg = Release|Any CPU
		{D6348767-13E9-4DA8-B154-9B66D78BF264}.Release|Any CPU.Build.0 = Release|Any CPU
		{D6348767-13E9-4DA8-B154-9B66D78BF264}.Release|Any CPU.Deploy.0 = Release|Any CPU
		{B4A02377-4AA5-4F45-9938-59FDE7FC8D02}.Debug|Any CPU.ActiveCfg = Debug|Any CPU
		{B4A02377-4AA5-4F45-9938-59FDE7FC8D02}.Debug|Any CPU.Build.0 = Debug|Any CPU
		{B4A02377-4AA5-4F45-9938-59FDE7FC8D02}.Debug|Any CPU.Deploy.0 = Debug|Any CPU
		{B4A02377-4AA5-4F45-9938-59FDE7FC8D02}.Release|Any CPU.ActiveCfg = Release|Any CPU
		{B4A02377-4AA5-4F45-9938-59FDE7FC8D02}.Release|Any CPU.Build.0 = Release|Any CPU
		{B4A02377-4AA5-4F45-9938-59FDE7FC8D02}.Release|Any CPU.Deploy.0 = Release|Any CPU
		{6C6943AE-23AD-4206-887A-46B60720E936}.Debug|Any CPU.ActiveCfg = Debug|Any CPU
		{6C6943AE-23AD-4206-887A-46B60720E936}.Debug|Any CPU.Build.0 = Debug|Any CPU
		{6C6943AE-23AD-4206-887A-46B60720E936}.Debug|Any CPU.Deploy.0 = Debug|Any CPU
		{6C6943AE-23AD-4206-887A-46B60720E936}.Release|Any CPU.ActiveCfg = Release|Any CPU
		{6C6943AE-23AD-4206-887A-46B60720E936}.Release|Any CPU.Build.0 = Release|Any CPU
		{6C6943AE-23AD-4206-887A-46B60720E936}.Release|Any CPU.Deploy.0 = Release|Any CPU
		{82CBBA06-7A53-47C0-8B81-4953830FC36F}.Debug|Any CPU.ActiveCfg = Debug|Any CPU
		{82CBBA06-7A53-47C0-8B81-4953830FC36F}.Debug|Any CPU.Build.0 = Debug|Any CPU
		{82CBBA06-7A53-47C0-8B81-4953830FC36F}.Debug|Any CPU.Deploy.0 = Debug|Any CPU
		{82CBBA06-7A53-47C0-8B81-4953830FC36F}.Release|Any CPU.ActiveCfg = Release|Any CPU
		{82CBBA06-7A53-47C0-8B81-4953830FC36F}.Release|Any CPU.Build.0 = Release|Any CPU
		{82CBBA06-7A53-47C0-8B81-4953830FC36F}.Release|Any CPU.Deploy.0 = Release|Any CPU
		{B5B093A6-AA5E-44C0-9F7A-FAD390F56D07}.Debug|Any CPU.ActiveCfg = Debug|Any CPU
		{B5B093A6-AA5E-44C0-9F7A-FAD390F56D07}.Debug|Any CPU.Build.0 = Debug|Any CPU
		{B5B093A6-AA5E-44C0-9F7A-FAD390F56D07}.Release|Any CPU.ActiveCfg = Release|Any CPU
		{B5B093A6-AA5E-44C0-9F7A-FAD390F56D07}.Release|Any CPU.Build.0 = Release|Any CPU
		{18924791-C230-4238-8869-F237B05CA433}.Debug|Any CPU.ActiveCfg = Debug|Any CPU
		{18924791-C230-4238-8869-F237B05CA433}.Debug|Any CPU.Build.0 = Debug|Any CPU
		{18924791-C230-4238-8869-F237B05CA433}.Debug|Any CPU.Deploy.0 = Debug|Any CPU
		{18924791-C230-4238-8869-F237B05CA433}.Release|Any CPU.ActiveCfg = Release|Any CPU
		{18924791-C230-4238-8869-F237B05CA433}.Release|Any CPU.Build.0 = Release|Any CPU
		{18924791-C230-4238-8869-F237B05CA433}.Release|Any CPU.Deploy.0 = Release|Any CPU
		{87BF06DB-39A0-43B8-A679-8327D2DE09B3}.Debug|Any CPU.ActiveCfg = Debug|Any CPU
		{87BF06DB-39A0-43B8-A679-8327D2DE09B3}.Debug|Any CPU.Build.0 = Debug|Any CPU
		{87BF06DB-39A0-43B8-A679-8327D2DE09B3}.Release|Any CPU.ActiveCfg = Release|Any CPU
		{87BF06DB-39A0-43B8-A679-8327D2DE09B3}.Release|Any CPU.Build.0 = Release|Any CPU
		{7C81A55C-4760-41BE-BA32-9777BCE7B11C}.Debug|Any CPU.ActiveCfg = Debug|Any CPU
		{7C81A55C-4760-41BE-BA32-9777BCE7B11C}.Debug|Any CPU.Build.0 = Debug|Any CPU
		{7C81A55C-4760-41BE-BA32-9777BCE7B11C}.Debug|Any CPU.Deploy.0 = Debug|Any CPU
		{7C81A55C-4760-41BE-BA32-9777BCE7B11C}.Release|Any CPU.ActiveCfg = Release|Any CPU
		{7C81A55C-4760-41BE-BA32-9777BCE7B11C}.Release|Any CPU.Build.0 = Release|Any CPU
		{7C81A55C-4760-41BE-BA32-9777BCE7B11C}.Release|Any CPU.Deploy.0 = Release|Any CPU
		{29CF3228-7907-4FD6-88E3-DB91023B6281}.Debug|Any CPU.ActiveCfg = Debug|Any CPU
		{29CF3228-7907-4FD6-88E3-DB91023B6281}.Debug|Any CPU.Build.0 = Debug|Any CPU
		{29CF3228-7907-4FD6-88E3-DB91023B6281}.Debug|Any CPU.Deploy.0 = Debug|Any CPU
		{29CF3228-7907-4FD6-88E3-DB91023B6281}.Release|Any CPU.ActiveCfg = Release|Any CPU
		{29CF3228-7907-4FD6-88E3-DB91023B6281}.Release|Any CPU.Build.0 = Release|Any CPU
		{29CF3228-7907-4FD6-88E3-DB91023B6281}.Release|Any CPU.Deploy.0 = Release|Any CPU
		{815E8496-8359-4D35-83EB-A1120D3AA404}.Debug|Any CPU.ActiveCfg = Debug|Any CPU
		{815E8496-8359-4D35-83EB-A1120D3AA404}.Debug|Any CPU.Build.0 = Debug|Any CPU
		{815E8496-8359-4D35-83EB-A1120D3AA404}.Debug|Any CPU.Deploy.0 = Debug|Any CPU
		{815E8496-8359-4D35-83EB-A1120D3AA404}.Release|Any CPU.ActiveCfg = Release|Any CPU
		{815E8496-8359-4D35-83EB-A1120D3AA404}.Release|Any CPU.Build.0 = Release|Any CPU
		{815E8496-8359-4D35-83EB-A1120D3AA404}.Release|Any CPU.Deploy.0 = Release|Any CPU
		{D562BCD2-DDBC-483D-881A-72284A904184}.Debug|Any CPU.ActiveCfg = Debug|Any CPU
		{D562BCD2-DDBC-483D-881A-72284A904184}.Debug|Any CPU.Build.0 = Debug|Any CPU
		{D562BCD2-DDBC-483D-881A-72284A904184}.Debug|Any CPU.Deploy.0 = Debug|Any CPU
		{D562BCD2-DDBC-483D-881A-72284A904184}.Release|Any CPU.ActiveCfg = Release|Any CPU
		{D562BCD2-DDBC-483D-881A-72284A904184}.Release|Any CPU.Build.0 = Release|Any CPU
		{D562BCD2-DDBC-483D-881A-72284A904184}.Release|Any CPU.Deploy.0 = Release|Any CPU
		{722B73EF-95E5-498F-8A95-FC2F62DF9B36}.Debug|Any CPU.ActiveCfg = Debug|Any CPU
		{722B73EF-95E5-498F-8A95-FC2F62DF9B36}.Debug|Any CPU.Build.0 = Debug|Any CPU
		{722B73EF-95E5-498F-8A95-FC2F62DF9B36}.Debug|Any CPU.Deploy.0 = Debug|Any CPU
		{722B73EF-95E5-498F-8A95-FC2F62DF9B36}.Release|Any CPU.ActiveCfg = Release|Any CPU
		{722B73EF-95E5-498F-8A95-FC2F62DF9B36}.Release|Any CPU.Build.0 = Release|Any CPU
		{722B73EF-95E5-498F-8A95-FC2F62DF9B36}.Release|Any CPU.Deploy.0 = Release|Any CPU
		{D55D9CEE-0E03-43A5-8B8A-11B723C3D608}.Debug|Any CPU.ActiveCfg = Debug|Any CPU
		{D55D9CEE-0E03-43A5-8B8A-11B723C3D608}.Debug|Any CPU.Build.0 = Debug|Any CPU
		{D55D9CEE-0E03-43A5-8B8A-11B723C3D608}.Debug|Any CPU.Deploy.0 = Debug|Any CPU
		{D55D9CEE-0E03-43A5-8B8A-11B723C3D608}.Release|Any CPU.ActiveCfg = Release|Any CPU
		{D55D9CEE-0E03-43A5-8B8A-11B723C3D608}.Release|Any CPU.Build.0 = Release|Any CPU
		{D55D9CEE-0E03-43A5-8B8A-11B723C3D608}.Release|Any CPU.Deploy.0 = Release|Any CPU
		{A0C0F999-2D2D-4674-BA32-E244CC53D937}.Debug|Any CPU.ActiveCfg = Debug|Any CPU
		{A0C0F999-2D2D-4674-BA32-E244CC53D937}.Debug|Any CPU.Build.0 = Debug|Any CPU
		{A0C0F999-2D2D-4674-BA32-E244CC53D937}.Debug|Any CPU.Deploy.0 = Debug|Any CPU
		{A0C0F999-2D2D-4674-BA32-E244CC53D937}.Release|Any CPU.ActiveCfg = Release|Any CPU
		{A0C0F999-2D2D-4674-BA32-E244CC53D937}.Release|Any CPU.Build.0 = Release|Any CPU
		{A0C0F999-2D2D-4674-BA32-E244CC53D937}.Release|Any CPU.Deploy.0 = Release|Any CPU
		{6DD7AFF8-CDE5-436F-ACA5-835DFF5F1752}.Debug|Any CPU.ActiveCfg = Debug|Any CPU
		{6DD7AFF8-CDE5-436F-ACA5-835DFF5F1752}.Debug|Any CPU.Build.0 = Debug|Any CPU
		{6DD7AFF8-CDE5-436F-ACA5-835DFF5F1752}.Release|Any CPU.ActiveCfg = Release|Any CPU
		{6DD7AFF8-CDE5-436F-ACA5-835DFF5F1752}.Release|Any CPU.Build.0 = Release|Any CPU
		{DD357210-940D-44C6-9AA0-ABC0F61B4C0C}.Debug|Any CPU.ActiveCfg = Debug|Any CPU
		{DD357210-940D-44C6-9AA0-ABC0F61B4C0C}.Debug|Any CPU.Build.0 = Debug|Any CPU
		{DD357210-940D-44C6-9AA0-ABC0F61B4C0C}.Release|Any CPU.ActiveCfg = Release|Any CPU
		{DD357210-940D-44C6-9AA0-ABC0F61B4C0C}.Release|Any CPU.Build.0 = Release|Any CPU
		{888D8E58-6287-4534-A100-CFBC6735C5B2}.Debug|Any CPU.ActiveCfg = Debug|Any CPU
		{888D8E58-6287-4534-A100-CFBC6735C5B2}.Debug|Any CPU.Build.0 = Debug|Any CPU
		{888D8E58-6287-4534-A100-CFBC6735C5B2}.Release|Any CPU.ActiveCfg = Release|Any CPU
		{888D8E58-6287-4534-A100-CFBC6735C5B2}.Release|Any CPU.Build.0 = Release|Any CPU
	EndGlobalSection
	GlobalSection(SolutionProperties) = preSolution
		HideSolutionNode = FALSE
	EndGlobalSection
	GlobalSection(NestedProjects) = preSolution
		{D6348767-13E9-4DA8-B154-9B66D78BF264} = {20E3A0B4-6103-4EAD-BD90-90C673E07DCC}
		{B4A02377-4AA5-4F45-9938-59FDE7FC8D02} = {20E3A0B4-6103-4EAD-BD90-90C673E07DCC}
		{6C6943AE-23AD-4206-887A-46B60720E936} = {20E3A0B4-6103-4EAD-BD90-90C673E07DCC}
		{82CBBA06-7A53-47C0-8B81-4953830FC36F} = {20E3A0B4-6103-4EAD-BD90-90C673E07DCC}
		{B5B093A6-AA5E-44C0-9F7A-FAD390F56D07} = {20E3A0B4-6103-4EAD-BD90-90C673E07DCC}
		{18924791-C230-4238-8869-F237B05CA433} = {20E3A0B4-6103-4EAD-BD90-90C673E07DCC}
		{87BF06DB-39A0-43B8-A679-8327D2DE09B3} = {20E3A0B4-6103-4EAD-BD90-90C673E07DCC}
		{7C81A55C-4760-41BE-BA32-9777BCE7B11C} = {20E3A0B4-6103-4EAD-BD90-90C673E07DCC}
		{AE474B14-7388-421B-BB92-8700CD54BC57} = {1FA3EE45-BDD7-4B83-9AD9-52B1099185B6}
		{BC092D17-F8D5-4BEA-ABE4-E98B44A04DA6} = {AE474B14-7388-421B-BB92-8700CD54BC57}
		{29CF3228-7907-4FD6-88E3-DB91023B6281} = {AE474B14-7388-421B-BB92-8700CD54BC57}
		{815E8496-8359-4D35-83EB-A1120D3AA404} = {BC092D17-F8D5-4BEA-ABE4-E98B44A04DA6}
		{4A6B7EF6-7730-4570-A72F-6E4506227668} = {72A32E4E-7492-4F7C-BF42-9CF2E664338B}
		{1B4743D8-E3B7-4466-9A66-266B91AB3676} = {4A6B7EF6-7730-4570-A72F-6E4506227668}
		{EFA4C1B3-5257-451E-908F-AF9EDA45F224} = {78203E26-CBDE-48BC-B8CF-617F8A863D65}
		{72A32E4E-7492-4F7C-BF42-9CF2E664338B} = {EFA4C1B3-5257-451E-908F-AF9EDA45F224}
		{FCD85A86-0779-4AC3-A12C-91F3C0C5D161} = {72A32E4E-7492-4F7C-BF42-9CF2E664338B}
		{B155FD13-EEE6-40B3-9C3A-A0FEADCBE24F} = {FCD85A86-0779-4AC3-A12C-91F3C0C5D161}
		{D562BCD2-DDBC-483D-881A-72284A904184} = {4A6B7EF6-7730-4570-A72F-6E4506227668}
		{722B73EF-95E5-498F-8A95-FC2F62DF9B36} = {1B4743D8-E3B7-4466-9A66-266B91AB3676}
		{D55D9CEE-0E03-43A5-8B8A-11B723C3D608} = {FCD85A86-0779-4AC3-A12C-91F3C0C5D161}
		{A0C0F999-2D2D-4674-BA32-E244CC53D937} = {B155FD13-EEE6-40B3-9C3A-A0FEADCBE24F}
		{6DD7AFF8-CDE5-436F-ACA5-835DFF5F1752} = {20E3A0B4-6103-4EAD-BD90-90C673E07DCC}
		{5F75AEA0-D2D8-428C-988C-F52281243CC8} = {A9DF0505-F34E-4F94-A029-1D84CE0F393B}
		{DD357210-940D-44C6-9AA0-ABC0F61B4C0C} = {5F75AEA0-D2D8-428C-988C-F52281243CC8}
		{C7F9E452-7EAD-45C3-99D8-6BA517BAD51D} = {5F75AEA0-D2D8-428C-988C-F52281243CC8}
		{888D8E58-6287-4534-A100-CFBC6735C5B2} = {C7F9E452-7EAD-45C3-99D8-6BA517BAD51D}
	EndGlobalSection
	GlobalSection(ExtensibilityGlobals) = postSolution
		SolutionGuid = {BF2FC8CE-57C6-468C-B82D-D8204E6D9360}
	EndGlobalSection
EndGlobal
